
Microsoft Visual Studio Solution File, Format Version 12.00
# Visual Studio Version 16
VisualStudioVersion = 16.0.30804.86
MinimumVisualStudioVersion = 10.0.40219.1
Project("{FAE04EC0-301F-11D3-BF4B-00C04F79EFBC}") = "TP_LINQ", "TP_LINQ\TP_LINQ.csproj", "{7FA96156-44CA-4CB4-A333-4564B59A9E0D}"
EndProject
Global
	GlobalSection(SolutionConfigurationPlatforms) = preSolution
		Debug|Any CPU = Debug|Any CPU
		Release|Any CPU = Release|Any CPU
	EndGlobalSection
	GlobalSection(ProjectConfigurationPlatforms) = postSolution
		{7FA96156-44CA-4CB4-A333-4564B59A9E0D}.Debug|Any CPU.ActiveCfg = Debug|Any CPU
		{7FA96156-44CA-4CB4-A333-4564B59A9E0D}.Debug|Any CPU.Build.0 = Debug|Any CPU
		{7FA96156-44CA-4CB4-A333-4564B59A9E0D}.Release|Any CPU.ActiveCfg = Release|Any CPU
		{7FA96156-44CA-4CB4-A333-4564B59A9E0D}.Release|Any CPU.Build.0 = Release|Any CPU
	EndGlobalSection
	GlobalSection(SolutionProperties) = preSolution
		HideSolutionNode = FALSE
	EndGlobalSection
	GlobalSection(ExtensibilityGlobals) = postSolution
		SolutionGuid = {2CEF62A6-3420-4136-A921-8DE1688AA664}
	EndGlobalSection
EndGlobal
